{
  "version": 4,
  "terraform_version": "1.6.6",
  "serial": 42,
  "lineage": "8c04c240-7e27-c9c9-773f-6e9483fec9ae",
  "outputs": {},
  "resources": [
    {
      "mode": "managed",
      "type": "local_file",
      "name": "abc",
      "provider": "provider[\"registry.terraform.io/hashicorp/local\"]",
      "instances": [
        {
          "index_key": "a",
          "schema_version": 0,
          "attributes": {
            "content": "content a",
            "content_base64": null,
            "content_base64sha256": "AGn/6EgXd6pAOYLZ6bP6SJVwFaB8+g9m2uMgULlb2lQ=",
            "content_base64sha512": "7weIrvfi1Iq6FIew3NVIRCsnmyhqm+DVUqwp/eIgzWUnqfaaSdbDoeN32SEyQszfMMk+iKQjyoS5UgAl4ZV2wQ==",
            "content_md5": "d8114b361885ee54897e52ce2308e274",
            "content_sha1": "739afa0237fd8196c6b774a48676524bd95275b2",
            "content_sha256": "0069ffe8481777aa403982d9e9b3fa48957015a07cfa0f66dae32050b95bda54",
            "content_sha512": "ef0788aef7e2d48aba1487b0dcd548442b279b286a9be0d552ac29fde220cd6527a9f69a49d6c3a1e377d9213242ccdf30c93e88a423ca84b9520025e19576c1",
            "directory_permission": "0777",
            "file_permission": "0777",
            "filename": "./a.txt",
            "id": "739afa0237fd8196c6b774a48676524bd95275b2",
            "sensitive_content": null,
            "source": null
          },
          "sensitive_attributes": []
        },
        {
          "index_key": "c",
          "schema_version": 0,
          "attributes": {
            "content": "content c",
            "content_base64": null,
            "content_base64sha256": "PwuRmKKR93FE9hE/PK//ZbkO/IgUuLgXuK+y56hIolo=",
            "content_base64sha512": "3ATOy0Gny95Aqf1SrrqjuuRz1GyeKEPI0hUfHxXIrp6rTM359F/nXXcEKD1NkBmI9umsOQ8Jb5/yTQvj/aLo0w==",
            "content_md5": "72caaea89938cf281a17be7f25b4c399",
            "content_sha1": "a876447ccd76ac2070df66d1b9f13ec8b2ccf955",
            "content_sha256": "3f0b9198a291f77144f6113f3cafff65b90efc8814b8b817b8afb2e7a848a25a",
            "content_sha512": "dc04cecb41a7cbde40a9fd52aebaa3bae473d46c9e2843c8d2151f1f15c8ae9eab4ccdf9f45fe75d7704283d4d901988f6e9ac390f096f9ff24d0be3fda2e8d3",
            "directory_permission": "0777",
            "file_permission": "0777",
            "filename": "./c.txt",
            "id": "a876447ccd76ac2070df66d1b9f13ec8b2ccf955",
            "sensitive_content": null,
            "source": null
          },
          "sensitive_attributes": []
        }
      ]
    }
  ],
  "check_results": null
}
