{
  "version": 4,
  "terraform_version": "1.6.6",
  "serial": 1,
  "lineage": "8c04c240-7e27-c9c9-773f-6e9483fec9ae",
  "outputs": {},
  "resources": [
    {
      "mode": "managed",
      "type": "local_file",
      "name": "abc",
      "provider": "provider[\"registry.terraform.io/hashicorp/local\"]",
      "instances": [
        {
          "schema_version": 0,
          "attributes": {
            "content": "var.my_password",
            "content_base64": null,
            "content_base64sha256": "w/G3PfHgAXHxDAVt1r6hh4aRJoVzCgfKUpwGPIvvONA=",
            "content_base64sha512": "0GCjGnQX/R9wGw+ttS2zCVEG1ioGNHmsbD0EwtykeK98UBFMSb1OoM75N1FXHUxPwfq337aQB5r6yvhFW6leEg==",
            "content_md5": "01607ff1581ef927b2e243da3198cd0c",
            "content_sha1": "4af614d9c5fa9e95d58127bb860e123c78fa4f58",
            "content_sha256": "c3f1b73df1e00171f10c056dd6bea18786912685730a07ca529c063c8bef38d0",
            "content_sha512": "d060a31a7417fd1f701b0fadb52db3095106d62a063479ac6c3d04c2dca478af7c50114c49bd4ea0cef93751571d4c4fc1fab7dfb690079afacaf8455ba95e12",
            "directory_permission": "0777",
            "file_permission": "0777",
            "filename": "./abc.txt",
            "id": "4af614d9c5fa9e95d58127bb860e123c78fa4f58",
            "sensitive_content": null,
            "source": null
          },
          "sensitive_attributes": []
        }
      ]
    }
  ],
  "check_results": null
}
