{
  "version": 4,
  "terraform_version": "1.6.6",
  "serial": 4,
  "lineage": "8c04c240-7e27-c9c9-773f-6e9483fec9ae",
  "outputs": {},
  "resources": [
    {
      "mode": "managed",
      "type": "local_file",
      "name": "abc",
      "provider": "provider[\"registry.terraform.io/hashicorp/local\"]",
      "instances": [
        {
          "schema_version": 0,
          "attributes": {
            "content": "my_password",
            "content_base64": null,
            "content_base64sha256": "9uJI6plPPjQvYRQbi44+3obU3lMleryNBq4Hodpz+zk=",
            "content_base64sha512": "3ajDRohg3LJOIoq47kQgjUPrL1/So6U4uvvTnbT/EUyYKaZL0aRxDgwCH4pBNLai+LF+zMh//nnYRZ4t8pT7AQ==",
            "content_md5": "a865a7e0ddbf35fa6f6a232e0893bea4",
            "content_sha1": "5eb942810a75ebc850972a89285d570d484c89c4",
            "content_sha256": "f6e248ea994f3e342f61141b8b8e3ede86d4de53257abc8d06ae07a1da73fb39",
            "content_sha512": "dda8c3468860dcb24e228ab8ee44208d43eb2f5fd2a3a538bafbd39db4ff114c9829a64bd1a4710e0c021f8a4134b6a2f8b17eccc87ffe79d8459e2df294fb01",
            "directory_permission": "0777",
            "file_permission": "0777",
            "filename": "./abc.txt",
            "id": "5eb942810a75ebc850972a89285d570d484c89c4",
            "sensitive_content": null,
            "source": null
          },
          "sensitive_attributes": [
            [
              {
                "type": "get_attr",
                "value": "content"
              }
            ]
          ]
        }
      ]
    }
  ],
  "check_results": null
}
